// !$*UTF8*$!
{
	archiveVersion = 1;
	classes = {
	};
	objectVersion = 77;
	objects = {

/* Begin PBXBuildFile section */
		DC5870E83002B30F00E4FB8D /* OverlayView.swift in Sources */ = {isa = PBXBuildFile; fileRef = DC5870E73002B30F00E4FB8D /* OverlayView.swift */; };
		DC5870EA3002B31600E4FB8D /* OverlayWindow.swift in Sources */ = {isa = PBXBuildFile; fileRef = DC5870E93002B31600E4FB8D /* OverlayWindow.swift */; };
		DC5870EC3002B31D00E4FB8D /* OverlayManager.swift in Sources */ = {isa = PBXBuildFile; fileRef = DC5870EB3002B31D00E4FB8D /* OverlayManager.swift */; };
		DC5870EF3002BAD600E4FB8D /* TextProcessor.swift in Sources */ = {isa = PBXBuildFile; fileRef = DC5870EE3002BAD600E4FB8D /* TextProcessor.swift */; };
		DC5870F13002BADE00E4FB8D /* PassthroughProcessor.swift in Sources */ = {isa = PBXBuildFile; fileRef = DC5870F03002BADE00E4FB8D /* PassthroughProcessor.swift */; };
		DC5870F53002BAEC00E4FB8D /* ProcessingPipeline.swift in Sources */ = {isa = PBXBuildFile; fileRef = DC5870F43002BAEC00E4FB8D /* ProcessingPipeline.swift */; };
		DC5871063002C89000E4FB8D /* FoundationModelProcessor.swift in Sources */ = {isa = PBXBuildFile; fileRef = DC5871053002C89000E4FB8D /* FoundationModelProcessor.swift */; };
		DC58710A30034EA700E4FB8D /* Prompt.swift in Sources */ = {isa = PBXBuildFile; fileRef = DC58710930034EA700E4FB8D /* Prompt.swift */; };
		DC58710C30034FB000E4FB8D /* TranscriptResult.swift in Sources */ = {isa = PBXBuildFile; fileRef = DC58710B30034FB000E4FB8D /* TranscriptResult.swift */; };
		DC58710E3003515500E4FB8D /* DeveloperContext.swift in Sources */ = {isa = PBXBuildFile; fileRef = DC58710D3003515500E4FB8D /* DeveloperContext.swift */; };
		DC587117300361C400E4FB8D /* OverlayStateStore.swift in Sources */ = {isa = PBXBuildFile; fileRef = DC587116300361C400E4FB8D /* OverlayStateStore.swift */; };
		DC58711A3003710B00E4FB8D /* Sparkle in Frameworks */ = {isa = PBXBuildFile; productRef = DC5871193003710B00E4FB8D /* Sparkle */; };
		DC58711D300371AD00E4FB8D /* UpdateService.swift in Sources */ = {isa = PBXBuildFile; fileRef = DC58711C3003712D00E4FB8D /* UpdateService.swift */; };
		DC587123300375DD00E4FB8D /* WelcomeView.swift in Sources */ = {isa = PBXBuildFile; fileRef = DC587122300375DD00E4FB8D /* WelcomeView.swift */; };
		DC5871263003777800E4FB8D /* AccessibilityPermission.swift in Sources */ = {isa = PBXBuildFile; fileRef = DC5871253003777800E4FB8D /* AccessibilityPermission.swift */; };
		DC5871283003785800E4FB8D /* OnboardingViewModel.swift in Sources */ = {isa = PBXBuildFile; fileRef = DC5871273003785800E4FB8D /* OnboardingViewModel.swift */; };
		DC58712A3003792800E4FB8D /* MicrophonePermission.swift in Sources */ = {isa = PBXBuildFile; fileRef = DC5871293003792800E4FB8D /* MicrophonePermission.swift */; };
		DC58712C30037A2C00E4FB8D /* AppPreferences.swift in Sources */ = {isa = PBXBuildFile; fileRef = DC58712B30037A2C00E4FB8D /* AppPreferences.swift */; };
		DCC833E8300220ED00F763E2 /* MicrophoneRecorder.swift in Sources */ = {isa = PBXBuildFile; fileRef = DCC833E73002208400F763E2 /* MicrophoneRecorder.swift */; };
		DCC833E93002210000F763E2 /* AudioRecorder.swift in Sources */ = {isa = PBXBuildFile; fileRef = DCC833E63002207B00F763E2 /* AudioRecorder.swift */; };
		DCC833EA3002210700F763E2 /* RecordingCoordinator.swift in Sources */ = {isa = PBXBuildFile; fileRef = DCC833E230021FB200F763E2 /* RecordingCoordinator.swift */; };
		DCC833EC3002211300F763E2 /* SpeechRecognizer.swift in Sources */ = {isa = PBXBuildFile; fileRef = DCC833DF30021F8000F763E2 /* SpeechRecognizer.swift */; };
		DCC848343002A28A00F763E2 /* WhisperKit in Frameworks */ = {isa = PBXBuildFile; productRef = DCC848333002A28A00F763E2 /* WhisperKit */; };
		DCC848363002A2B800F763E2 /* WhisperService.swift in Sources */ = {isa = PBXBuildFile; fileRef = DCC848353002A2B800F763E2 /* WhisperService.swift */; };
		DCC848393002A52D00F763E2 /* PasteService.swift in Sources */ = {isa = PBXBuildFile; fileRef = DCC848383002A52D00F763E2 /* PasteService.swift */; };
		DCC8483C3002A7B600F763E2 /* HotkeyService.swift in Sources */ = {isa = PBXBuildFile; fileRef = DCC8483B3002A7B600F763E2 /* HotkeyService.swift */; };
		DCC8483F3002A8E400F763E2 /* AppState.swift in Sources */ = {isa = PBXBuildFile; fileRef = DCC8483E3002A87300F763E2 /* AppState.swift */; };
		DCC848413002A97100F763E2 /* FrontmostAppService.swift in Sources */ = {isa = PBXBuildFile; fileRef = DCC848403002A97100F763E2 /* FrontmostAppService.swift */; };
		DCC848443002AEB400F763E2 /* AccessibilityService.swift in Sources */ = {isa = PBXBuildFile; fileRef = DCC848433002AEB300F763E2 /* AccessibilityService.swift */; };
/* End PBXBuildFile section */

/* Begin PBXFileReference section */
		DC5870E73002B30F00E4FB8D /* OverlayView.swift */ = {isa = PBXFileReference; lastKnownFileType = sourcecode.swift; path = OverlayView.swift; sourceTree = "<group>"; };
		DC5870E93002B31600E4FB8D /* OverlayWindow.swift */ = {isa = PBXFileReference; lastKnownFileType = sourcecode.swift; path = OverlayWindow.swift; sourceTree = "<group>"; };
		DC5870EB3002B31D00E4FB8D /* OverlayManager.swift */ = {isa = PBXFileReference; lastKnownFileType = sourcecode.swift; path = OverlayManager.swift; sourceTree = "<group>"; };
		DC5870EE3002BAD600E4FB8D /* TextProcessor.swift */ = {isa = PBXFileReference; lastKnownFileType = sourcecode.swift; path = TextProcessor.swift; sourceTree = "<group>"; };
		DC5870F03002BADE00E4FB8D /* PassthroughProcessor.swift */ = {isa = PBXFileReference; lastKnownFileType = sourcecode.swift; path = PassthroughProcessor.swift; sourceTree = "<group>"; };
		DC5870F43002BAEC00E4FB8D /* ProcessingPipeline.swift */ = {isa = PBXFileReference; lastKnownFileType = sourcecode.swift; path = ProcessingPipeline.swift; sourceTree = "<group>"; };
		DC5871053002C89000E4FB8D /* FoundationModelProcessor.swift */ = {isa = PBXFileReference; lastKnownFileType = sourcecode.swift; path = FoundationModelProcessor.swift; sourceTree = "<group>"; };
		DC58710930034EA700E4FB8D /* Prompt.swift */ = {isa = PBXFileReference; lastKnownFileType = sourcecode.swift; path = Prompt.swift; sourceTree = "<group>"; };
		DC58710B30034FB000E4FB8D /* TranscriptResult.swift */ = {isa = PBXFileReference; lastKnownFileType = sourcecode.swift; path = TranscriptResult.swift; sourceTree = "<group>"; };
		DC58710D3003515500E4FB8D /* DeveloperContext.swift */ = {isa = PBXFileReference; lastKnownFileType = sourcecode.swift; path = DeveloperContext.swift; sourceTree = "<group>"; };
		DC587116300361C400E4FB8D /* OverlayStateStore.swift */ = {isa = PBXFileReference; lastKnownFileType = sourcecode.swift; path = OverlayStateStore.swift; sourceTree = "<group>"; };
		DC58711C3003712D00E4FB8D /* UpdateService.swift */ = {isa = PBXFileReference; lastKnownFileType = sourcecode.swift; path = UpdateService.swift; sourceTree = "<group>"; };
		DC587122300375DD00E4FB8D /* WelcomeView.swift */ = {isa = PBXFileReference; lastKnownFileType = sourcecode.swift; path = WelcomeView.swift; sourceTree = "<group>"; };
		DC5871253003777800E4FB8D /* AccessibilityPermission.swift */ = {isa = PBXFileReference; lastKnownFileType = sourcecode.swift; path = AccessibilityPermission.swift; sourceTree = "<group>"; };
		DC5871273003785800E4FB8D /* OnboardingViewModel.swift */ = {isa = PBXFileReference; lastKnownFileType = sourcecode.swift; path = OnboardingViewModel.swift; sourceTree = "<group>"; };
		DC5871293003792800E4FB8D /* MicrophonePermission.swift */ = {isa = PBXFileReference; lastKnownFileType = sourcecode.swift; path = MicrophonePermission.swift; sourceTree = "<group>"; };
		DC58712B30037A2C00E4FB8D /* AppPreferences.swift */ = {isa = PBXFileReference; lastKnownFileType = sourcecode.swift; path = AppPreferences.swift; sourceTree = "<group>"; };
		DCC833CE30021E0800F763E2 /* echo.app */ = {isa = PBXFileReference; explicitFileType = wrapper.application; includeInIndex = 0; path = echo.app; sourceTree = BUILT_PRODUCTS_DIR; };
		DCC833DF30021F8000F763E2 /* SpeechRecognizer.swift */ = {isa = PBXFileReference; lastKnownFileType = sourcecode.swift; path = SpeechRecognizer.swift; sourceTree = "<group>"; };
		DCC833E230021FB200F763E2 /* RecordingCoordinator.swift */ = {isa = PBXFileReference; lastKnownFileType = sourcecode.swift; path = RecordingCoordinator.swift; sourceTree = "<group>"; };
		DCC833E63002207B00F763E2 /* AudioRecorder.swift */ = {isa = PBXFileReference; lastKnownFileType = sourcecode.swift; path = AudioRecorder.swift; sourceTree = "<group>"; };
		DCC833E73002208400F763E2 /* MicrophoneRecorder.swift */ = {isa = PBXFileReference; lastKnownFileType = sourcecode.swift; path = MicrophoneRecorder.swift; sourceTree = "<group>"; };
		DCC848353002A2B800F763E2 /* WhisperService.swift */ = {isa = PBXFileReference; lastKnownFileType = sourcecode.swift; path = WhisperService.swift; sourceTree = "<group>"; };
		DCC848383002A52D00F763E2 /* PasteService.swift */ = {isa = PBXFileReference; lastKnownFileType = sourcecode.swift; path = PasteService.swift; sourceTree = "<group>"; };
		DCC8483B3002A7B600F763E2 /* HotkeyService.swift */ = {isa = PBXFileReference; lastKnownFileType = sourcecode.swift; path = HotkeyService.swift; sourceTree = "<group>"; };
		DCC8483E3002A87300F763E2 /* AppState.swift */ = {isa = PBXFileReference; lastKnownFileType = sourcecode.swift; path = AppState.swift; sourceTree = "<group>"; };
		DCC848403002A97100F763E2 /* FrontmostAppService.swift */ = {isa = PBXFileReference; lastKnownFileType = sourcecode.swift; path = FrontmostAppService.swift; sourceTree = "<group>"; };
		DCC848433002AEB300F763E2 /* AccessibilityService.swift */ = {isa = PBXFileReference; lastKnownFileType = sourcecode.swift; path = AccessibilityService.swift; sourceTree = "<group>"; };
/* End PBXFileReference section */

/* Begin PBXFileSystemSynchronizedRootGroup section */
		DCC833D030021E0800F763E2 /* echo */ = {
			isa = PBXFileSystemSynchronizedRootGroup;
			path = echo;
			sourceTree = "<group>";
		};
/* End PBXFileSystemSynchronizedRootGroup section */

/* Begin PBXFrameworksBuildPhase section */
		DCC833CB30021E0800F763E2 /* Frameworks */ = {
			isa = PBXFrameworksBuildPhase;
			buildActionMask = 2147483647;
			files = (
				DCC848343002A28A00F763E2 /* WhisperKit in Frameworks */,
				DC58711A3003710B00E4FB8D /* Sparkle in Frameworks */,
			);
			runOnlyForDeploymentPostprocessing = 0;
		};
/* End PBXFrameworksBuildPhase section */

/* Begin PBXGroup section */
		DC5870E63002B30600E4FB8D /* Overlay */ = {
			isa = PBXGroup;
			children = (
				DC587116300361C400E4FB8D /* OverlayStateStore.swift */,
				DC5870EB3002B31D00E4FB8D /* OverlayManager.swift */,
				DC5870E93002B31600E4FB8D /* OverlayWindow.swift */,
				DC5870E73002B30F00E4FB8D /* OverlayView.swift */,
			);
			path = Overlay;
			sourceTree = "<group>";
		};
		DC5870ED3002BACD00E4FB8D /* TextProcessing */ = {
			isa = PBXGroup;
			children = (
				DC58710D3003515500E4FB8D /* DeveloperContext.swift */,
				DC58710B30034FB000E4FB8D /* TranscriptResult.swift */,
				DC58710930034EA700E4FB8D /* Prompt.swift */,
				DC5871053002C89000E4FB8D /* FoundationModelProcessor.swift */,
				DC5870F43002BAEC00E4FB8D /* ProcessingPipeline.swift */,
				DC5870F03002BADE00E4FB8D /* PassthroughProcessor.swift */,
				DC5870EE3002BAD600E4FB8D /* TextProcessor.swift */,
			);
			path = TextProcessing;
			sourceTree = "<group>";
		};
		DC58711B3003712400E4FB8D /* Services */ = {
			isa = PBXGroup;
			children = (
				DC58711C3003712D00E4FB8D /* UpdateService.swift */,
			);
			path = Services;
			sourceTree = "<group>";
		};
		DC587121300375D300E4FB8D /* Onboarding */ = {
			isa = PBXGroup;
			children = (
				DC5871273003785800E4FB8D /* OnboardingViewModel.swift */,
				DC587122300375DD00E4FB8D /* WelcomeView.swift */,
			);
			path = Onboarding;
			sourceTree = "<group>";
		};
		DC5871243003776C00E4FB8D /* New Group */ = {
			isa = PBXGroup;
			children = (
			);
			path = "New Group";
			sourceTree = "<group>";
		};
		DCC833C530021E0800F763E2 = {
			isa = PBXGroup;
			children = (
				DC58711B3003712400E4FB8D /* Services */,
				DCC8483D3002A86B00F763E2 /* App */,
				DCC833DD30021F5500F763E2 /* Features */,
				DCC833DC30021F3100F763E2 /* Core */,
				DCC833CF30021E0800F763E2 /* Products */,
				DCC833D030021E0800F763E2 /* echo */,
			);
			sourceTree = "<group>";
		};
		DCC833CF30021E0800F763E2 /* Products */ = {
			isa = PBXGroup;
			children = (
				DCC833CE30021E0800F763E2 /* echo.app */,
			);
			name = Products;
			sourceTree = "<group>";
		};
		DCC833DC30021F3100F763E2 /* Core */ = {
			isa = PBXGroup;
			children = (
				DC58712B30037A2C00E4FB8D /* AppPreferences.swift */,
				DC5871243003776C00E4FB8D /* New Group */,
				DC5870ED3002BACD00E4FB8D /* TextProcessing */,
				DC5870E63002B30600E4FB8D /* Overlay */,
				DCC848423002AEAC00F763E2 /* Permissions */,
				DCC8483A3002A7B100F763E2 /* Hotkey */,
				DCC848373002A52800F763E2 /* Paste */,
				DCC833E53002207600F763E2 /* Audio */,
				DCC833DE30021F7400F763E2 /* Speech */,
			);
			path = Core;
			sourceTree = "<group>";
		};
		DCC833DD30021F5500F763E2 /* Features */ = {
			isa = PBXGroup;
			children = (
				DC587121300375D300E4FB8D /* Onboarding */,
				DCC833E330021FBA00F763E2 /* Recording */,
			);
			path = Features;
			sourceTree = "<group>";
		};
		DCC833DE30021F7400F763E2 /* Speech */ = {
			isa = PBXGroup;
			children = (
				DCC848353002A2B800F763E2 /* WhisperService.swift */,
				DCC833DF30021F8000F763E2 /* SpeechRecognizer.swift */,
			);
			path = Speech;
			sourceTree = "<group>";
		};
		DCC833E330021FBA00F763E2 /* Recording */ = {
			isa = PBXGroup;
			children = (
				DCC833E230021FB200F763E2 /* RecordingCoordinator.swift */,
			);
			path = Recording;
			sourceTree = "<group>";
		};
		DCC833E53002207600F763E2 /* Audio */ = {
			isa = PBXGroup;
			children = (
				DCC833E73002208400F763E2 /* MicrophoneRecorder.swift */,
				DCC833E63002207B00F763E2 /* AudioRecorder.swift */,
			);
			path = Audio;
			sourceTree = "<group>";
		};
		DCC848373002A52800F763E2 /* Paste */ = {
			isa = PBXGroup;
			children = (
				DCC848403002A97100F763E2 /* FrontmostAppService.swift */,
				DCC848383002A52D00F763E2 /* PasteService.swift */,
			);
			path = Paste;
			sourceTree = "<group>";
		};
		DCC8483A3002A7B100F763E2 /* Hotkey */ = {
			isa = PBXGroup;
			children = (
				DCC8483B3002A7B600F763E2 /* HotkeyService.swift */,
			);
			path = Hotkey;
			sourceTree = "<group>";
		};
		DCC8483D3002A86B00F763E2 /* App */ = {
			isa = PBXGroup;
			children = (
				DCC8483E3002A87300F763E2 /* AppState.swift */,
			);
			path = App;
			sourceTree = "<group>";
		};
		DCC848423002AEAC00F763E2 /* Permissions */ = {
			isa = PBXGroup;
			children = (
				DC5871293003792800E4FB8D /* MicrophonePermission.swift */,
				DC5871253003777800E4FB8D /* AccessibilityPermission.swift */,
				DCC848433002AEB300F763E2 /* AccessibilityService.swift */,
			);
			path = Permissions;
			sourceTree = "<group>";
		};
/* End PBXGroup section */

/* Begin PBXNativeTarget section */
		DCC833CD30021E0800F763E2 /* echo */ = {
			isa = PBXNativeTarget;
			buildConfigurationList = DCC833D930021E0900F763E2 /* Build configuration list for PBXNativeTarget "echo" */;
			buildPhases = (
				DCC833CA30021E0800F763E2 /* Sources */,
				DCC833CB30021E0800F763E2 /* Frameworks */,
				DCC833CC30021E0800F763E2 /* Resources */,
			);
			buildRules = (
			);
			dependencies = (
			);
			fileSystemSynchronizedGroups = (
				DCC833D030021E0800F763E2 /* echo */,
			);
			name = echo;
			packageProductDependencies = (
				DCC848333002A28A00F763E2 /* WhisperKit */,
				DC5871193003710B00E4FB8D /* Sparkle */,
			);
			productName = echo;
			productReference = DCC833CE30021E0800F763E2 /* echo.app */;
			productType = "com.apple.product-type.application";
		};
/* End PBXNativeTarget section */

/* Begin PBXProject section */
		DCC833C630021E0800F763E2 /* Project object */ = {
			isa = PBXProject;
			attributes = {
				BuildIndependentTargetsInParallel = 1;
				LastSwiftUpdateCheck = 2660;
				LastUpgradeCheck = 2660;
				TargetAttributes = {
					DCC833CD30021E0800F763E2 = {
						CreatedOnToolsVersion = 26.6;
						LastSwiftMigration = 2660;
					};
				};
			};
			buildConfigurationList = DCC833C930021E0800F763E2 /* Build configuration list for PBXProject "echo" */;
			developmentRegion = en;
			hasScannedForEncodings = 0;
			knownRegions = (
				en,
				Base,
			);
			mainGroup = DCC833C530021E0800F763E2;
			minimizedProjectReferenceProxies = 1;
			packageReferences = (
				DCC848323002A28A00F763E2 /* XCRemoteSwiftPackageReference "argmax-oss-swift" */,
				DC5871183003710B00E4FB8D /* XCRemoteSwiftPackageReference "Sparkle" */,
			);
			preferredProjectObjectVersion = 77;
			productRefGroup = DCC833CF30021E0800F763E2 /* Products */;
			projectDirPath = "";
			projectRoot = "";
			targets = (
				DCC833CD30021E0800F763E2 /* echo */,
			);
		};
/* End PBXProject section */

/* Begin PBXResourcesBuildPhase section */
		DCC833CC30021E0800F763E2 /* Resources */ = {
			isa = PBXResourcesBuildPhase;
			buildActionMask = 2147483647;
			files = (
			);
			runOnlyForDeploymentPostprocessing = 0;
		};
/* End PBXResourcesBuildPhase section */

/* Begin PBXSourcesBuildPhase section */
		DCC833CA30021E0800F763E2 /* Sources */ = {
			isa = PBXSourcesBuildPhase;
			buildActionMask = 2147483647;
			files = (
				DCC848363002A2B800F763E2 /* WhisperService.swift in Sources */,
				DC5870EA3002B31600E4FB8D /* OverlayWindow.swift in Sources */,
				DC58712C30037A2C00E4FB8D /* AppPreferences.swift in Sources */,
				DC58710E3003515500E4FB8D /* DeveloperContext.swift in Sources */,
				DC58710C30034FB000E4FB8D /* TranscriptResult.swift in Sources */,
				DCC833E93002210000F763E2 /* AudioRecorder.swift in Sources */,
				DCC848443002AEB400F763E2 /* AccessibilityService.swift in Sources */,
				DC587117300361C400E4FB8D /* OverlayStateStore.swift in Sources */,
				DC58712A3003792800E4FB8D /* MicrophonePermission.swift in Sources */,
				DC58710A30034EA700E4FB8D /* Prompt.swift in Sources */,
				DCC848393002A52D00F763E2 /* PasteService.swift in Sources */,
				DCC8483F3002A8E400F763E2 /* AppState.swift in Sources */,
				DC5870EC3002B31D00E4FB8D /* OverlayManager.swift in Sources */,
				DCC8483C3002A7B600F763E2 /* HotkeyService.swift in Sources */,
				DCC833EA3002210700F763E2 /* RecordingCoordinator.swift in Sources */,
				DC5870F53002BAEC00E4FB8D /* ProcessingPipeline.swift in Sources */,
				DCC833E8300220ED00F763E2 /* MicrophoneRecorder.swift in Sources */,
				DC5870EF3002BAD600E4FB8D /* TextProcessor.swift in Sources */,
				DC5870E83002B30F00E4FB8D /* OverlayView.swift in Sources */,
				DC5870F13002BADE00E4FB8D /* PassthroughProcessor.swift in Sources */,
				DC5871283003785800E4FB8D /* OnboardingViewModel.swift in Sources */,
				DC5871263003777800E4FB8D /* AccessibilityPermission.swift in Sources */,
				DC587123300375DD00E4FB8D /* WelcomeView.swift in Sources */,
				DC5871063002C89000E4FB8D /* FoundationModelProcessor.swift in Sources */,
				DCC848413002A97100F763E2 /* FrontmostAppService.swift in Sources */,
				DCC833EC3002211300F763E2 /* SpeechRecognizer.swift in Sources */,
				DC58711D300371AD00E4FB8D /* UpdateService.swift in Sources */,
			);
			runOnlyForDeploymentPostprocessing = 0;
		};
/* End PBXSourcesBuildPhase section */

/* Begin XCBuildConfiguration section */
		DCC833D730021E0900F763E2 /* Debug */ = {
			isa = XCBuildConfiguration;
			buildSettings = {
				ALWAYS_SEARCH_USER_PATHS = NO;
				ASSETCATALOG_COMPILER_GENERATE_SWIFT_ASSET_SYMBOL_EXTENSIONS = YES;
				CLANG_ANALYZER_NONNULL = YES;
				CLANG_ANALYZER_NUMBER_OBJECT_CONVERSION = YES_AGGRESSIVE;
				CLANG_CXX_LANGUAGE_STANDARD = "gnu++20";
				CLANG_ENABLE_MODULES = YES;
				CLANG_ENABLE_OBJC_ARC = YES;
				CLANG_ENABLE_OBJC_WEAK = YES;
				CLANG_WARN_BLOCK_CAPTURE_AUTORELEASING = YES;
				CLANG_WARN_BOOL_CONVERSION = YES;
				CLANG_WARN_COMMA = YES;
				CLANG_WARN_CONSTANT_CONVERSION = YES;
				CLANG_WARN_DEPRECATED_OBJC_IMPLEMENTATIONS = YES;
				CLANG_WARN_DIRECT_OBJC_ISA_USAGE = YES_ERROR;
				CLANG_WARN_DOCUMENTATION_COMMENTS = YES;
				CLANG_WARN_EMPTY_BODY = YES;
				CLANG_WARN_ENUM_CONVERSION = YES;
				CLANG_WARN_INFINITE_RECURSION = YES;
				CLANG_WARN_INT_CONVERSION = YES;
				CLANG_WARN_NON_LITERAL_NULL_CONVERSION = YES;
				CLANG_WARN_OBJC_IMPLICIT_RETAIN_SELF = YES;
				CLANG_WARN_OBJC_LITERAL_CONVERSION = YES;
				CLANG_WARN_OBJC_ROOT_CLASS = YES_ERROR;
				CLANG_WARN_QUOTED_INCLUDE_IN_FRAMEWORK_HEADER = YES;
				CLANG_WARN_RANGE_LOOP_ANALYSIS = YES;
				CLANG_WARN_STRICT_PROTOTYPES = YES;
				CLANG_WARN_SUSPICIOUS_MOVE = YES;
				CLANG_WARN_UNGUARDED_AVAILABILITY = YES_AGGRESSIVE;
				CLANG_WARN_UNREACHABLE_CODE = YES;
				CLANG_WARN__DUPLICATE_METHOD_MATCH = YES;
				COPY_PHASE_STRIP = NO;
				DEBUG_INFORMATION_FORMAT = dwarf;
				ENABLE_STRICT_OBJC_MSGSEND = YES;
				ENABLE_TESTABILITY = YES;
				ENABLE_USER_SCRIPT_SANDBOXING = YES;
				GCC_C_LANGUAGE_STANDARD = gnu17;
				GCC_DYNAMIC_NO_PIC = NO;
				GCC_NO_COMMON_BLOCKS = YES;
				GCC_OPTIMIZATION_LEVEL = 0;
				GCC_PREPROCESSOR_DEFINITIONS = (
					"DEBUG=1",
					"$(inherited)",
				);
				GCC_WARN_64_TO_32_BIT_CONVERSION = YES;
				GCC_WARN_ABOUT_RETURN_TYPE = YES_ERROR;
				GCC_WARN_UNDECLARED_SELECTOR = YES;
				GCC_WARN_UNINITIALIZED_AUTOS = YES_AGGRESSIVE;
				GCC_WARN_UNUSED_FUNCTION = YES;
				GCC_WARN_UNUSED_VARIABLE = YES;
				LOCALIZATION_PREFERS_STRING_CATALOGS = YES;
				MACOSX_DEPLOYMENT_TARGET = 26.5;
				MTL_ENABLE_DEBUG_INFO = INCLUDE_SOURCE;
				MTL_FAST_MATH = YES;
				ONLY_ACTIVE_ARCH = YES;
				SDKROOT = macosx;
				SWIFT_ACTIVE_COMPILATION_CONDITIONS = "DEBUG $(inherited)";
				SWIFT_OPTIMIZATION_LEVEL = "-Onone";
			};
			name = Debug;
		};
		DCC833D830021E0900F763E2 /* Release */ = {
			isa = XCBuildConfiguration;
			buildSettings = {
				ALWAYS_SEARCH_USER_PATHS = NO;
				ASSETCATALOG_COMPILER_GENERATE_SWIFT_ASSET_SYMBOL_EXTENSIONS = YES;
				CLANG_ANALYZER_NONNULL = YES;
				CLANG_ANALYZER_NUMBER_OBJECT_CONVERSION = YES_AGGRESSIVE;
				CLANG_CXX_LANGUAGE_STANDARD = "gnu++20";
				CLANG_ENABLE_MODULES = YES;
				CLANG_ENABLE_OBJC_ARC = YES;
				CLANG_ENABLE_OBJC_WEAK = YES;
				CLANG_WARN_BLOCK_CAPTURE_AUTORELEASING = YES;
				CLANG_WARN_BOOL_CONVERSION = YES;
				CLANG_WARN_COMMA = YES;
				CLANG_WARN_CONSTANT_CONVERSION = YES;
				CLANG_WARN_DEPRECATED_OBJC_IMPLEMENTATIONS = YES;
				CLANG_WARN_DIRECT_OBJC_ISA_USAGE = YES_ERROR;
				CLANG_WARN_DOCUMENTATION_COMMENTS = YES;
				CLANG_WARN_EMPTY_BODY = YES;
				CLANG_WARN_ENUM_CONVERSION = YES;
				CLANG_WARN_INFINITE_RECURSION = YES;
				CLANG_WARN_INT_CONVERSION = YES;
				CLANG_WARN_NON_LITERAL_NULL_CONVERSION = YES;
				CLANG_WARN_OBJC_IMPLICIT_RETAIN_SELF = YES;
				CLANG_WARN_OBJC_LITERAL_CONVERSION = YES;
				CLANG_WARN_OBJC_ROOT_CLASS = YES_ERROR;
				CLANG_WARN_QUOTED_INCLUDE_IN_FRAMEWORK_HEADER = YES;
				CLANG_WARN_RANGE_LOOP_ANALYSIS = YES;
				CLANG_WARN_STRICT_PROTOTYPES = YES;
				CLANG_WARN_SUSPICIOUS_MOVE = YES;
				CLANG_WARN_UNGUARDED_AVAILABILITY = YES_AGGRESSIVE;
				CLANG_WARN_UNREACHABLE_CODE = YES;
				CLANG_WARN__DUPLICATE_METHOD_MATCH = YES;
				COPY_PHASE_STRIP = NO;
				DEBUG_INFORMATION_FORMAT = "dwarf-with-dsym";
				ENABLE_NS_ASSERTIONS = NO;
				ENABLE_STRICT_OBJC_MSGSEND = YES;
				ENABLE_USER_SCRIPT_SANDBOXING = YES;
				GCC_C_LANGUAGE_STANDARD = gnu17;
				GCC_NO_COMMON_BLOCKS = YES;
				GCC_WARN_64_TO_32_BIT_CONVERSION = YES;
				GCC_WARN_ABOUT_RETURN_TYPE = YES_ERROR;
				GCC_WARN_UNDECLARED_SELECTOR = YES;
				GCC_WARN_UNINITIALIZED_AUTOS = YES_AGGRESSIVE;
				GCC_WARN_UNUSED_FUNCTION = YES;
				GCC_WARN_UNUSED_VARIABLE = YES;
				LOCALIZATION_PREFERS_STRING_CATALOGS = YES;
				MACOSX_DEPLOYMENT_TARGET = 26.5;
				MTL_ENABLE_DEBUG_INFO = NO;
				MTL_FAST_MATH = YES;
				SDKROOT = macosx;
				SWIFT_COMPILATION_MODE = wholemodule;
			};
			name = Release;
		};
		DCC833DA30021E0900F763E2 /* Debug */ = {
			isa = XCBuildConfiguration;
			buildSettings = {
				ASSETCATALOG_COMPILER_APPICON_NAME = AppIcon;
				ASSETCATALOG_COMPILER_GLOBAL_ACCENT_COLOR_NAME = AccentColor;
				ASSETCATALOG_COMPILER_INCLUDE_ALL_APPICON_ASSETS = NO;
				CLANG_ENABLE_MODULES = YES;
				CODE_SIGN_STYLE = Automatic;
				COMBINE_HIDPI_IMAGES = YES;
				CURRENT_PROJECT_VERSION = 1;
				DEVELOPMENT_TEAM = 9J4BS2KGXN;
				ENABLE_APP_SANDBOX = NO;
				ENABLE_PREVIEWS = YES;
				GENERATE_INFOPLIST_FILE = NO;
				"INFOPLIST_FILE[sdk=*]" = echo/Info.plist;
				INFOPLIST_KEY_LSUIElement = YES;
				INFOPLIST_KEY_NSHumanReadableCopyright = "";
				INFOPLIST_KEY_NSMicrophoneUsageDescription = "Echo needs microphone access for speech recognition.";
				LD_RUNPATH_SEARCH_PATHS = (
					"$(inherited)",
					"@executable_path/../Frameworks",
				);
				LIBRARY_SEARCH_PATHS = (
					"$(inherited)",
					"$(PROJECT_DIR)/whisper.cpp/build/bin",
					"$(PROJECT_DIR)/whisper.cpp/build/examples",
				);
				MARKETING_VERSION = 1.0;
				PRODUCT_BUNDLE_IDENTIFIER = com.shivambhasin29.echo.echo;
				PRODUCT_NAME = "$(TARGET_NAME)";
				REGISTER_APP_GROUPS = YES;
				STRING_CATALOG_GENERATE_SYMBOLS = YES;
				SWIFT_APPROACHABLE_CONCURRENCY = YES;
				SWIFT_DEFAULT_ACTOR_ISOLATION = MainActor;
				SWIFT_EMIT_LOC_STRINGS = YES;
				SWIFT_OBJC_BRIDGING_HEADER = "";
				SWIFT_OPTIMIZATION_LEVEL = "-Onone";
				SWIFT_UPCOMING_FEATURE_MEMBER_IMPORT_VISIBILITY = YES;
				SWIFT_VERSION = 5.0;
			};
			name = Debug;
		};
		DCC833DB30021E0900F763E2 /* Release */ = {
			isa = XCBuildConfiguration;
			buildSettings = {
				ASSETCATALOG_COMPILER_APPICON_NAME = AppIcon;
				ASSETCATALOG_COMPILER_GLOBAL_ACCENT_COLOR_NAME = AccentColor;
				ASSETCATALOG_COMPILER_INCLUDE_ALL_APPICON_ASSETS = NO;
				CLANG_ENABLE_MODULES = YES;
				CODE_SIGN_STYLE = Automatic;
				COMBINE_HIDPI_IMAGES = YES;
				CURRENT_PROJECT_VERSION = 1;
				DEVELOPMENT_TEAM = 9J4BS2KGXN;
				ENABLE_APP_SANDBOX = NO;
				ENABLE_PREVIEWS = YES;
				GENERATE_INFOPLIST_FILE = NO;
				"INFOPLIST_FILE[sdk=*]" = echo/Info.plist;
				INFOPLIST_KEY_LSUIElement = YES;
				INFOPLIST_KEY_NSHumanReadableCopyright = "";
				INFOPLIST_KEY_NSMicrophoneUsageDescription = "Echo needs microphone access for speech recognition.";
				LD_RUNPATH_SEARCH_PATHS = (
					"$(inherited)",
					"@executable_path/../Frameworks",
				);
				LIBRARY_SEARCH_PATHS = (
					"$(inherited)",
					"$(PROJECT_DIR)/whisper.cpp/build/bin",
					"$(PROJECT_DIR)/whisper.cpp/build/examples",
				);
				MARKETING_VERSION = 1.0;
				PRODUCT_BUNDLE_IDENTIFIER = com.shivambhasin29.echo.echo;
				PRODUCT_NAME = "$(TARGET_NAME)";
				REGISTER_APP_GROUPS = YES;
				STRING_CATALOG_GENERATE_SYMBOLS = YES;
				SWIFT_APPROACHABLE_CONCURRENCY = YES;
				SWIFT_DEFAULT_ACTOR_ISOLATION = MainActor;
				SWIFT_EMIT_LOC_STRINGS = YES;
				SWIFT_OBJC_BRIDGING_HEADER = "";
				SWIFT_UPCOMING_FEATURE_MEMBER_IMPORT_VISIBILITY = YES;
				SWIFT_VERSION = 5.0;
			};
			name = Release;
		};
/* End XCBuildConfiguration section */

/* Begin XCConfigurationList section */
		DCC833C930021E0800F763E2 /* Build configuration list for PBXProject "echo" */ = {
			isa = XCConfigurationList;
			buildConfigurations = (
				DCC833D730021E0900F763E2 /* Debug */,
				DCC833D830021E0900F763E2 /* Release */,
			);
			defaultConfigurationIsVisible = 0;
			defaultConfigurationName = Release;
		};
		DCC833D930021E0900F763E2 /* Build configuration list for PBXNativeTarget "echo" */ = {
			isa = XCConfigurationList;
			buildConfigurations = (
				DCC833DA30021E0900F763E2 /* Debug */,
				DCC833DB30021E0900F763E2 /* Release */,
			);
			defaultConfigurationIsVisible = 0;
			defaultConfigurationName = Release;
		};
/* End XCConfigurationList section */

/* Begin XCRemoteSwiftPackageReference section */
		DC5871183003710B00E4FB8D /* XCRemoteSwiftPackageReference "Sparkle" */ = {
			isa = XCRemoteSwiftPackageReference;
			repositoryURL = "https://github.com/sparkle-project/Sparkle";
			requirement = {
				kind = upToNextMajorVersion;
				minimumVersion = 2.9.4;
			};
		};
		DCC848323002A28A00F763E2 /* XCRemoteSwiftPackageReference "argmax-oss-swift" */ = {
			isa = XCRemoteSwiftPackageReference;
			repositoryURL = "https://github.com/argmaxinc/argmax-oss-swift.git";
			requirement = {
				branch = main;
				kind = branch;
			};
		};
/* End XCRemoteSwiftPackageReference section */

/* Begin XCSwiftPackageProductDependency section */
		DC5871193003710B00E4FB8D /* Sparkle */ = {
			isa = XCSwiftPackageProductDependency;
			package = DC5871183003710B00E4FB8D /* XCRemoteSwiftPackageReference "Sparkle" */;
			productName = Sparkle;
		};
		DCC848333002A28A00F763E2 /* WhisperKit */ = {
			isa = XCSwiftPackageProductDependency;
			package = DCC848323002A28A00F763E2 /* XCRemoteSwiftPackageReference "argmax-oss-swift" */;
			productName = WhisperKit;
		};
/* End XCSwiftPackageProductDependency section */
	};
	rootObject = DCC833C630021E0800F763E2 /* Project object */;
}
